// !$*UTF8*$!
{
	archiveVersion = 1;
	classes = {
	};
	objectVersion = 56;
	objects = {

/* Begin PBXBuildFile section */
		8B3E9B392C07252F000D9D22 /* Detail.storyboard in Resources */ = {isa = PBXBuildFile; fileRef = 8B3E9B382C07252F000D9D22 /* Detail.storyboard */; };
		8B3E9B3C2C07254D000D9D22 /* DetailViewController.swift in Sources */ = {isa = PBXBuildFile; fileRef = 8B3E9B3B2C07254D000D9D22 /* DetailViewController.swift */; };
		8B3E9B3E2C072691000D9D22 /* AdViewController.swift in Sources */ = {isa = PBXBuildFile; fileRef = 8B3E9B3D2C072691000D9D22 /* AdViewController.swift */; };
		8B3E9B412C0741AC000D9D22 /* CityInfo.swift in Sources */ = {isa = PBXBuildFile; fileRef = 8B3E9B402C0741AC000D9D22 /* CityInfo.swift */; };
		8B3E9B442C0742BF000D9D22 /* PopularCityTableViewCell.xib in Resources */ = {isa = PBXBuildFile; fileRef = 8B3E9B432C0742BF000D9D22 /* PopularCityTableViewCell.xib */; };
		8B3E9B452C0742BF000D9D22 /* PopularCityTableViewCell.swift in Sources */ = {isa = PBXBuildFile; fileRef = 8B3E9B422C0742BF000D9D22 /* PopularCityTableViewCell.swift */; };
		8B3E9B472C0742D6000D9D22 /* PopularCityViewController.swift in Sources */ = {isa = PBXBuildFile; fileRef = 8B3E9B462C0742D6000D9D22 /* PopularCityViewController.swift */; };
		8B3E9B522C087261000D9D22 /* BuyPageViewController.swift in Sources */ = {isa = PBXBuildFile; fileRef = 8B3E9B512C087261000D9D22 /* BuyPageViewController.swift */; };
		8B4C2C962C05FF2000F50031 /* Restaurant+Extension.swift in Sources */ = {isa = PBXBuildFile; fileRef = 8B4C2C952C05FF2000F50031 /* Restaurant+Extension.swift */; };
		8B4C2C982C060BC500F50031 /* ReviewCell+Extention.swift in Sources */ = {isa = PBXBuildFile; fileRef = 8B4C2C972C060BC500F50031 /* ReviewCell+Extention.swift */; };
		8B806A492C0095940066ACCC /* AppDelegate.swift in Sources */ = {isa = PBXBuildFile; fileRef = 8B806A482C0095940066ACCC /* AppDelegate.swift */; };
		8B806A4B2C0095940066ACCC /* SceneDelegate.swift in Sources */ = {isa = PBXBuildFile; fileRef = 8B806A4A2C0095940066ACCC /* SceneDelegate.swift */; };
		8B806A502C0095940066ACCC /* Base in Resources */ = {isa = PBXBuildFile; fileRef = 8B806A4F2C0095940066ACCC /* Base */; };
		8B806A522C0095950066ACCC /* Assets.xcassets in Resources */ = {isa = PBXBuildFile; fileRef = 8B806A512C0095950066ACCC /* Assets.xcassets */; };
		8B806A552C0095950066ACCC /* Base in Resources */ = {isa = PBXBuildFile; fileRef = 8B806A542C0095950066ACCC /* Base */; };
		8B806A892C01A1E90066ACCC /* TravelTableViewController.swift in Sources */ = {isa = PBXBuildFile; fileRef = 8B806A882C01A1E90066ACCC /* TravelTableViewController.swift */; };
		8B806A8B2C01A4FE0066ACCC /* TravelTableViewCell.swift in Sources */ = {isa = PBXBuildFile; fileRef = 8B806A8A2C01A4FE0066ACCC /* TravelTableViewCell.swift */; };
		8B806A8E2C01F6F50066ACCC /* Kingfisher in Frameworks */ = {isa = PBXBuildFile; productRef = 8B806A8D2C01F6F50066ACCC /* Kingfisher */; };
		8B806A922C0300960066ACCC /* RestaurantTableViewController.swift in Sources */ = {isa = PBXBuildFile; fileRef = 8B806A912C0300960066ACCC /* RestaurantTableViewController.swift */; };
		8B806A942C030A570066ACCC /* RestaurantTableViewCell.swift in Sources */ = {isa = PBXBuildFile; fileRef = 8B806A932C030A570066ACCC /* RestaurantTableViewCell.swift */; };
		8BAB09B72C047BB8002DA2F5 /* TravelModel.swift in Sources */ = {isa = PBXBuildFile; fileRef = 8BAB09B62C047BB8002DA2F5 /* TravelModel.swift */; };
		8BAB09B92C047BE4002DA2F5 /* CitiesViewController.swift in Sources */ = {isa = PBXBuildFile; fileRef = 8BAB09B82C047BE4002DA2F5 /* CitiesViewController.swift */; };
		8BAB09BC2C047C0B002DA2F5 /* CitiesTableViewCell.swift in Sources */ = {isa = PBXBuildFile; fileRef = 8BAB09BA2C047C0B002DA2F5 /* CitiesTableViewCell.swift */; };
		8BAB09BD2C047C0B002DA2F5 /* CitiesTableViewCell.xib in Resources */ = {isa = PBXBuildFile; fileRef = 8BAB09BB2C047C0B002DA2F5 /* CitiesTableViewCell.xib */; };
		8BAB09C02C048189002DA2F5 /* AdTableViewCell.swift in Sources */ = {isa = PBXBuildFile; fileRef = 8BAB09BE2C048189002DA2F5 /* AdTableViewCell.swift */; };
		8BAB09C12C048189002DA2F5 /* AdTableViewCell.xib in Resources */ = {isa = PBXBuildFile; fileRef = 8BAB09BF2C048189002DA2F5 /* AdTableViewCell.xib */; };
		8BAB09C42C0498DD002DA2F5 /* Cosmos in Frameworks */ = {isa = PBXBuildFile; productRef = 8BAB09C32C0498DD002DA2F5 /* Cosmos */; };
		8BAB09C72C054B8B002DA2F5 /* ReviewViewController.swift in Sources */ = {isa = PBXBuildFile; fileRef = 8BAB09C62C054B8B002DA2F5 /* ReviewViewController.swift */; };
		8BAB09CA2C054BBC002DA2F5 /* ReAdTableViewCell.swift in Sources */ = {isa = PBXBuildFile; fileRef = 8BAB09C82C054BBC002DA2F5 /* ReAdTableViewCell.swift */; };
		8BAB09CB2C054BBC002DA2F5 /* ReAdTableViewCell.xib in Resources */ = {isa = PBXBuildFile; fileRef = 8BAB09C92C054BBC002DA2F5 /* ReAdTableViewCell.xib */; };
		8BAB09D02C054BFE002DA2F5 /* ReTourTableViewCell.swift in Sources */ = {isa = PBXBuildFile; fileRef = 8BAB09CE2C054BFE002DA2F5 /* ReTourTableViewCell.swift */; };
		8BAB09D12C054BFE002DA2F5 /* ReTourTableViewCell.xib in Resources */ = {isa = PBXBuildFile; fileRef = 8BAB09CF2C054BFE002DA2F5 /* ReTourTableViewCell.xib */; };
/* End PBXBuildFile section */

/* Begin PBXFileReference section */
		8B3E9B382C07252F000D9D22 /* Detail.storyboard */ = {isa = PBXFileReference; lastKnownFileType = file.storyboard; path = Detail.storyboard; sourceTree = "<group>"; };
		8B3E9B3B2C07254D000D9D22 /* DetailViewController.swift */ = {isa = PBXFileReference; lastKnownFileType = sourcecode.swift; path = DetailViewController.swift; sourceTree = "<group>"; };
		8B3E9B3D2C072691000D9D22 /* AdViewController.swift */ = {isa = PBXFileReference; lastKnownFileType = sourcecode.swift; path = AdViewController.swift; sourceTree = "<group>"; };
		8B3E9B402C0741AC000D9D22 /* CityInfo.swift */ = {isa = PBXFileReference; fileEncoding = 4; lastKnownFileType = sourcecode.swift; path = CityInfo.swift; sourceTree = "<group>"; };
		8B3E9B422C0742BF000D9D22 /* PopularCityTableViewCell.swift */ = {isa = PBXFileReference; lastKnownFileType = sourcecode.swift; path = PopularCityTableViewCell.swift; sourceTree = "<group>"; };
		8B3E9B432C0742BF000D9D22 /* PopularCityTableViewCell.xib */ = {isa = PBXFileReference; lastKnownFileType = file.xib; path = PopularCityTableViewCell.xib; sourceTree = "<group>"; };
		8B3E9B462C0742D6000D9D22 /* PopularCityViewController.swift */ = {isa = PBXFileReference; lastKnownFileType = sourcecode.swift; path = PopularCityViewController.swift; sourceTree = "<group>"; };
		8B3E9B512C087261000D9D22 /* BuyPageViewController.swift */ = {isa = PBXFileReference; lastKnownFileType = sourcecode.swift; path = BuyPageViewController.swift; sourceTree = "<group>"; };
		8B4C2C952C05FF2000F50031 /* Restaurant+Extension.swift */ = {isa = PBXFileReference; lastKnownFileType = sourcecode.swift; path = "Restaurant+Extension.swift"; sourceTree = "<group>"; };
		8B4C2C972C060BC500F50031 /* ReviewCell+Extention.swift */ = {isa = PBXFileReference; lastKnownFileType = sourcecode.swift; path = "ReviewCell+Extention.swift"; sourceTree = "<group>"; };
		8B806A452C0095940066ACCC /* SeSAC0524Assignment.app */ = {isa = PBXFileReference; explicitFileType = wrapper.application; includeInIndex = 0; path = SeSAC0524Assignment.app; sourceTree = BUILT_PRODUCTS_DIR; };
		8B806A482C0095940066ACCC /* AppDelegate.swift */ = {isa = PBXFileReference; lastKnownFileType = sourcecode.swift; path = AppDelegate.swift; sourceTree = "<group>"; };
		8B806A4A2C0095940066ACCC /* SceneDelegate.swift */ = {isa = PBXFileReference; lastKnownFileType = sourcecode.swift; path = SceneDelegate.swift; sourceTree = "<group>"; };
		8B806A4F2C0095940066ACCC /* Base */ = {isa = PBXFileReference; lastKnownFileType = file.storyboard; name = Base; path = Base.lproj/Main.storyboard; sourceTree = "<group>"; };
		8B806A512C0095950066ACCC /* Assets.xcassets */ = {isa = PBXFileReference; lastKnownFileType = folder.assetcatalog; path = Assets.xcassets; sourceTree = "<group>"; };
		8B806A542C0095950066ACCC /* Base */ = {isa = PBXFileReference; lastKnownFileType = file.storyboard; name = Base; path = Base.lproj/LaunchScreen.storyboard; sourceTree = "<group>"; };
		8B806A562C0095950066ACCC /* Info.plist */ = {isa = PBXFileReference; lastKnownFileType = text.plist.xml; path = Info.plist; sourceTree = "<group>"; };
		8B806A882C01A1E90066ACCC /* TravelTableViewController.swift */ = {isa = PBXFileReference; lastKnownFileType = sourcecode.swift; path = TravelTableViewController.swift; sourceTree = "<group>"; };
		8B806A8A2C01A4FE0066ACCC /* TravelTableViewCell.swift */ = {isa = PBXFileReference; lastKnownFileType = sourcecode.swift; path = TravelTableViewCell.swift; sourceTree = "<group>"; };
		8B806A912C0300960066ACCC /* RestaurantTableViewController.swift */ = {isa = PBXFileReference; lastKnownFileType = sourcecode.swift; path = RestaurantTableViewController.swift; sourceTree = "<group>"; };
		8B806A932C030A570066ACCC /* RestaurantTableViewCell.swift */ = {isa = PBXFileReference; lastKnownFileType = sourcecode.swift; path = RestaurantTableViewCell.swift; sourceTree = "<group>"; };
		8BAB09B62C047BB8002DA2F5 /* TravelModel.swift */ = {isa = PBXFileReference; fileEncoding = 4; lastKnownFileType = sourcecode.swift; path = TravelModel.swift; sourceTree = "<group>"; };
		8BAB09B82C047BE4002DA2F5 /* CitiesViewController.swift */ = {isa = PBXFileReference; lastKnownFileType = sourcecode.swift; path = CitiesViewController.swift; sourceTree = "<group>"; };
		8BAB09BA2C047C0B002DA2F5 /* CitiesTableViewCell.swift */ = {isa = PBXFileReference; lastKnownFileType = sourcecode.swift; path = CitiesTableViewCell.swift; sourceTree = "<group>"; };
		8BAB09BB2C047C0B002DA2F5 /* CitiesTableViewCell.xib */ = {isa = PBXFileReference; lastKnownFileType = file.xib; path = CitiesTableViewCell.xib; sourceTree = "<group>"; };
		8BAB09BE2C048189002DA2F5 /* AdTableViewCell.swift */ = {isa = PBXFileReference; lastKnownFileType = sourcecode.swift; path = AdTableViewCell.swift; sourceTree = "<group>"; };
		8BAB09BF2C048189002DA2F5 /* AdTableViewCell.xib */ = {isa = PBXFileReference; lastKnownFileType = file.xib; path = AdTableViewCell.xib; sourceTree = "<group>"; };
		8BAB09C62C054B8B002DA2F5 /* ReviewViewController.swift */ = {isa = PBXFileReference; lastKnownFileType = sourcecode.swift; path = ReviewViewController.swift; sourceTree = "<group>"; };
		8BAB09C82C054BBC002DA2F5 /* ReAdTableViewCell.swift */ = {isa = PBXFileReference; lastKnownFileType = sourcecode.swift; path = ReAdTableViewCell.swift; sourceTree = "<group>"; };
		8BAB09C92C054BBC002DA2F5 /* ReAdTableViewCell.xib */ = {isa = PBXFileReference; lastKnownFileType = file.xib; path = ReAdTableViewCell.xib; sourceTree = "<group>"; };
		8BAB09CE2C054BFE002DA2F5 /* ReTourTableViewCell.swift */ = {isa = PBXFileReference; lastKnownFileType = sourcecode.swift; path = ReTourTableViewCell.swift; sourceTree = "<group>"; };
		8BAB09CF2C054BFE002DA2F5 /* ReTourTableViewCell.xib */ = {isa = PBXFileReference; lastKnownFileType = file.xib; path = ReTourTableViewCell.xib; sourceTree = "<group>"; };
/* End PBXFileReference section */

/* Begin PBXFrameworksBuildPhase section */
		8B806A422C0095940066ACCC /* Frameworks */ = {
			isa = PBXFrameworksBuildPhase;
			buildActionMask = 2147483647;
			files = (
				8BAB09C42C0498DD002DA2F5 /* Cosmos in Frameworks */,
				8B806A8E2C01F6F50066ACCC /* Kingfisher in Frameworks */,
			);
			runOnlyForDeploymentPostprocessing = 0;
		};
/* End PBXFrameworksBuildPhase section */

/* Begin PBXGroup section */
		8B3E9B3A2C07253C000D9D22 /* Detail */ = {
			isa = PBXGroup;
			children = (
				8B3E9B382C07252F000D9D22 /* Detail.storyboard */,
				8B3E9B3B2C07254D000D9D22 /* DetailViewController.swift */,
				8B3E9B3D2C072691000D9D22 /* AdViewController.swift */,
				8B3E9B512C087261000D9D22 /* BuyPageViewController.swift */,
			);
			path = Detail;
			sourceTree = "<group>";
		};
		8B3E9B3F2C074079000D9D22 /* PopularCity */ = {
			isa = PBXGroup;
			children = (
				8B3E9B402C0741AC000D9D22 /* CityInfo.swift */,
				8B3E9B422C0742BF000D9D22 /* PopularCityTableViewCell.swift */,
				8B3E9B432C0742BF000D9D22 /* PopularCityTableViewCell.xib */,
				8B3E9B462C0742D6000D9D22 /* PopularCityViewController.swift */,
			);
			path = PopularCity;
			sourceTree = "<group>";
		};
		8B806A3C2C0095930066ACCC = {
			isa = PBXGroup;
			children = (
				8B806A472C0095940066ACCC /* SeSAC0524Assignment */,
				8B806A462C0095940066ACCC /* Products */,
			);
			sourceTree = "<group>";
		};
		8B806A462C0095940066ACCC /* Products */ = {
			isa = PBXGroup;
			children = (
				8B806A452C0095940066ACCC /* SeSAC0524Assignment.app */,
			);
			name = Products;
			sourceTree = "<group>";
		};
		8B806A472C0095940066ACCC /* SeSAC0524Assignment */ = {
			isa = PBXGroup;
			children = (
				8B3E9B3F2C074079000D9D22 /* PopularCity */,
				8BAB09C52C054B68002DA2F5 /* 0527Review */,
				8BAB09B52C04799C002DA2F5 /* detailOfCities */,
				8B806A902C03004D0066ACCC /* restaurantGroup */,
				8B806A8F2C03003D0066ACCC /* travelGroup */,
				8B806A482C0095940066ACCC /* AppDelegate.swift */,
				8B806A4A2C0095940066ACCC /* SceneDelegate.swift */,
				8B806A4E2C0095940066ACCC /* Main.storyboard */,
				8B806A512C0095950066ACCC /* Assets.xcassets */,
				8B806A532C0095950066ACCC /* LaunchScreen.storyboard */,
				8B806A562C0095950066ACCC /* Info.plist */,
			);
			path = SeSAC0524Assignment;
			sourceTree = "<group>";
		};
		8B806A8F2C03003D0066ACCC /* travelGroup */ = {
			isa = PBXGroup;
			children = (
				8B806A882C01A1E90066ACCC /* TravelTableViewController.swift */,
				8B806A8A2C01A4FE0066ACCC /* TravelTableViewCell.swift */,
			);
			path = travelGroup;
			sourceTree = "<group>";
		};
		8B806A902C03004D0066ACCC /* restaurantGroup */ = {
			isa = PBXGroup;
			children = (
				8B806A912C0300960066ACCC /* RestaurantTableViewController.swift */,
				8B806A932C030A570066ACCC /* RestaurantTableViewCell.swift */,
				8B4C2C952C05FF2000F50031 /* Restaurant+Extension.swift */,
			);
			path = restaurantGroup;
			sourceTree = "<group>";
		};
		8BAB09B52C04799C002DA2F5 /* detailOfCities */ = {
			isa = PBXGroup;
			children = (
				8BAB09BB2C047C0B002DA2F5 /* CitiesTableViewCell.xib */,
				8BAB09BA2C047C0B002DA2F5 /* CitiesTableViewCell.swift */,
				8BAB09B82C047BE4002DA2F5 /* CitiesViewController.swift */,
				8BAB09B62C047BB8002DA2F5 /* TravelModel.swift */,
				8BAB09BE2C048189002DA2F5 /* AdTableViewCell.swift */,
				8BAB09BF2C048189002DA2F5 /* AdTableViewCell.xib */,
			);
			path = detailOfCities;
			sourceTree = "<group>";
		};
		8BAB09C52C054B68002DA2F5 /* 0527Review */ = {
			isa = PBXGroup;
			children = (
				8B3E9B3A2C07253C000D9D22 /* Detail */,
				8BAB09C62C054B8B002DA2F5 /* ReviewViewController.swift */,
				8BAB09C82C054BBC002DA2F5 /* ReAdTableViewCell.swift */,
				8BAB09C92C054BBC002DA2F5 /* ReAdTableViewCell.xib */,
				8BAB09CE2C054BFE002DA2F5 /* ReTourTableViewCell.swift */,
				8BAB09CF2C054BFE002DA2F5 /* ReTourTableViewCell.xib */,
				8B4C2C972C060BC500F50031 /* ReviewCell+Extention.swift */,
			);
			path = 0527Review;
			sourceTree = "<group>";
		};
/* End PBXGroup section */

/* Begin PBXNativeTarget section */
		8B806A442C0095940066ACCC /* SeSAC0524Assignment */ = {
			isa = PBXNativeTarget;
			buildConfigurationList = 8B806A592C0095950066ACCC /* Build configuration list for PBXNativeTarget "SeSAC0524Assignment" */;
			buildPhases = (
				8B806A412C0095940066ACCC /* Sources */,
				8B806A422C0095940066ACCC /* Frameworks */,
				8B806A432C0095940066ACCC /* Resources */,
			);
			buildRules = (
			);
			dependencies = (
			);
			name = SeSAC0524Assignment;
			packageProductDependencies = (
				8B806A8D2C01F6F50066ACCC /* Kingfisher */,
				8BAB09C32C0498DD002DA2F5 /* Cosmos */,
			);
			productName = SeSAC0524Assignment;
			productReference = 8B806A452C0095940066ACCC /* SeSAC0524Assignment.app */;
			productType = "com.apple.product-type.application";
		};
/* End PBXNativeTarget section */

/* Begin PBXProject section */
		8B806A3D2C0095930066ACCC /* Project object */ = {
			isa = PBXProject;
			attributes = {
				BuildIndependentTargetsInParallel = 1;
				LastSwiftUpdateCheck = 1540;
				LastUpgradeCheck = 1540;
				TargetAttributes = {
					8B806A442C0095940066ACCC = {
						CreatedOnToolsVersion = 15.4;
					};
				};
			};
			buildConfigurationList = 8B806A402C0095930066ACCC /* Build configuration list for PBXProject "SeSAC0524Assignment" */;
			compatibilityVersion = "Xcode 14.0";
			developmentRegion = en;
			hasScannedForEncodings = 0;
			knownRegions = (
				en,
				Base,
			);
			mainGroup = 8B806A3C2C0095930066ACCC;
			packageReferences = (
				8B806A8C2C01F6F50066ACCC /* XCRemoteSwiftPackageReference "Kingfisher" */,
				8BAB09C22C0498DD002DA2F5 /* XCRemoteSwiftPackageReference "Cosmos" */,
			);
			productRefGroup = 8B806A462C0095940066ACCC /* Products */;
			projectDirPath = "";
			projectRoot = "";
			targets = (
				8B806A442C0095940066ACCC /* SeSAC0524Assignment */,
			);
		};
/* End PBXProject section */

/* Begin PBXResourcesBuildPhase section */
		8B806A432C0095940066ACCC /* Resources */ = {
			isa = PBXResourcesBuildPhase;
			buildActionMask = 2147483647;
			files = (
				8BAB09C12C048189002DA2F5 /* AdTableViewCell.xib in Resources */,
				8BAB09BD2C047C0B002DA2F5 /* CitiesTableViewCell.xib in Resources */,
				8B806A522C0095950066ACCC /* Assets.xcassets in Resources */,
				8B3E9B442C0742BF000D9D22 /* PopularCityTableViewCell.xib in Resources */,
				8B3E9B392C07252F000D9D22 /* Detail.storyboard in Resources */,
				8B806A552C0095950066ACCC /* Base in Resources */,
				8B806A502C0095940066ACCC /* Base in Resources */,
				8BAB09D12C054BFE002DA2F5 /* ReTourTableViewCell.xib in Resources */,
				8BAB09CB2C054BBC002DA2F5 /* ReAdTableViewCell.xib in Resources */,
			);
			runOnlyForDeploymentPostprocessing = 0;
		};
/* End PBXResourcesBuildPhase section */

/* Begin PBXSourcesBuildPhase section */
		8B806A412C0095940066ACCC /* Sources */ = {
			isa = PBXSourcesBuildPhase;
			buildActionMask = 2147483647;
			files = (
				8BAB09B72C047BB8002DA2F5 /* TravelModel.swift in Sources */,
				8BAB09CA2C054BBC002DA2F5 /* ReAdTableViewCell.swift in Sources */,
				8B806A492C0095940066ACCC /* AppDelegate.swift in Sources */,
				8B806A4B2C0095940066ACCC /* SceneDelegate.swift in Sources */,
				8B3E9B452C0742BF000D9D22 /* PopularCityTableViewCell.swift in Sources */,
				8BAB09BC2C047C0B002DA2F5 /* CitiesTableViewCell.swift in Sources */,
				8BAB09C02C048189002DA2F5 /* AdTableViewCell.swift in Sources */,
				8B3E9B3E2C072691000D9D22 /* AdViewController.swift in Sources */,
				8B806A922C0300960066ACCC /* RestaurantTableViewController.swift in Sources */,
				8B3E9B472C0742D6000D9D22 /* PopularCityViewController.swift in Sources */,
				8B3E9B3C2C07254D000D9D22 /* DetailViewController.swift in Sources */,
				8B4C2C982C060BC500F50031 /* ReviewCell+Extention.swift in Sources */,
				8B806A8B2C01A4FE0066ACCC /* TravelTableViewCell.swift in Sources */,
				8BAB09C72C054B8B002DA2F5 /* ReviewViewController.swift in Sources */,
				8BAB09B92C047BE4002DA2F5 /* CitiesViewController.swift in Sources */,
				8B806A942C030A570066ACCC /* RestaurantTableViewCell.swift in Sources */,
				8B806A892C01A1E90066ACCC /* TravelTableViewController.swift in Sources */,
				8B4C2C962C05FF2000F50031 /* Restaurant+Extension.swift in Sources */,
				8B3E9B412C0741AC000D9D22 /* CityInfo.swift in Sources */,
				8BAB09D02C054BFE002DA2F5 /* ReTourTableViewCell.swift in Sources */,
				8B3E9B522C087261000D9D22 /* BuyPageViewController.swift in Sources */,
			);
			runOnlyForDeploymentPostprocessing = 0;
		};
/* End PBXSourcesBuildPhase section */

/* Begin PBXVariantGroup section */
		8B806A4E2C0095940066ACCC /* Main.storyboard */ = {
			isa = PBXVariantGroup;
			children = (
				8B806A4F2C0095940066ACCC /* Base */,
			);
			name = Main.storyboard;
			sourceTree = "<group>";
		};
		8B806A532C0095950066ACCC /* LaunchScreen.storyboard */ = {
			isa = PBXVariantGroup;
			children = (
				8B806A542C0095950066ACCC /* Base */,
			);
			name = LaunchScreen.storyboard;
			sourceTree = "<group>";
		};
/* End PBXVariantGroup section */

/* Begin XCBuildConfiguration section */
		8B806A572C0095950066ACCC /* Debug */ = {
			isa = XCBuildConfiguration;
			buildSettings = {
				ALWAYS_SEARCH_USER_PATHS = NO;
				ASSETCATALOG_COMPILER_GENERATE_SWIFT_ASSET_SYMBOL_EXTENSIONS = YES;
				CLANG_ANALYZER_NONNULL = YES;
				CLANG_ANALYZER_NUMBER_OBJECT_CONVERSION = YES_AGGRESSIVE;
				CLANG_CXX_LANGUAGE_STANDARD = "gnu++20";
				CLANG_ENABLE_MODULES = YES;
				CLANG_ENABLE_OBJC_ARC = YES;
				CLANG_ENABLE_OBJC_WEAK = YES;
				CLANG_WARN_BLOCK_CAPTURE_AUTORELEASING = YES;
				CLANG_WARN_BOOL_CONVERSION = YES;
				CLANG_WARN_COMMA = YES;
				CLANG_WARN_CONSTANT_CONVERSION = YES;
				CLANG_WARN_DEPRECATED_OBJC_IMPLEMENTATIONS = YES;
				CLANG_WARN_DIRECT_OBJC_ISA_USAGE = YES_ERROR;
				CLANG_WARN_DOCUMENTATION_COMMENTS = YES;
				CLANG_WARN_EMPTY_BODY = YES;
				CLANG_WARN_ENUM_CONVERSION = YES;
				CLANG_WARN_INFINITE_RECURSION = YES;
				CLANG_WARN_INT_CONVERSION = YES;
				CLANG_WARN_NON_LITERAL_NULL_CONVERSION = YES;
				CLANG_WARN_OBJC_IMPLICIT_RETAIN_SELF = YES;
				CLANG_WARN_OBJC_LITERAL_CONVERSION = YES;
				CLANG_WARN_OBJC_ROOT_CLASS = YES_ERROR;
				CLANG_WARN_QUOTED_INCLUDE_IN_FRAMEWORK_HEADER = YES;
				CLANG_WARN_RANGE_LOOP_ANALYSIS = YES;
				CLANG_WARN_STRICT_PROTOTYPES = YES;
				CLANG_WARN_SUSPICIOUS_MOVE = YES;
				CLANG_WARN_UNGUARDED_AVAILABILITY = YES_AGGRESSIVE;
				CLANG_WARN_UNREACHABLE_CODE = YES;
				CLANG_WARN__DUPLICATE_METHOD_MATCH = YES;
				COPY_PHASE_STRIP = NO;
				DEBUG_INFORMATION_FORMAT = dwarf;
				ENABLE_STRICT_OBJC_MSGSEND = YES;
				ENABLE_TESTABILITY = YES;
				ENABLE_USER_SCRIPT_SANDBOXING = YES;
				GCC_C_LANGUAGE_STANDARD = gnu17;
				GCC_DYNAMIC_NO_PIC = NO;
				GCC_NO_COMMON_BLOCKS = YES;
				GCC_OPTIMIZATION_LEVEL = 0;
				GCC_PREPROCESSOR_DEFINITIONS = (
					"DEBUG=1",
					"$(inherited)",
				);
				GCC_WARN_64_TO_32_BIT_CONVERSION = YES;
				GCC_WARN_ABOUT_RETURN_TYPE = YES_ERROR;
				GCC_WARN_UNDECLARED_SELECTOR = YES;
				GCC_WARN_UNINITIALIZED_AUTOS = YES_AGGRESSIVE;
				GCC_WARN_UNUSED_FUNCTION = YES;
				GCC_WARN_UNUSED_VARIABLE = YES;
				IPHONEOS_DEPLOYMENT_TARGET = 17.5;
				LOCALIZATION_PREFERS_STRING_CATALOGS = YES;
				MTL_ENABLE_DEBUG_INFO = INCLUDE_SOURCE;
				MTL_FAST_MATH = YES;
				ONLY_ACTIVE_ARCH = YES;
				SDKROOT = iphoneos;
				SWIFT_ACTIVE_COMPILATION_CONDITIONS = "DEBUG $(inherited)";
				SWIFT_OPTIMIZATION_LEVEL = "-Onone";
			};
			name = Debug;
		};
		8B806A582C0095950066ACCC /* Release */ = {
			isa = XCBuildConfiguration;
			buildSettings = {
				ALWAYS_SEARCH_USER_PATHS = NO;
				ASSETCATALOG_COMPILER_GENERATE_SWIFT_ASSET_SYMBOL_EXTENSIONS = YES;
				CLANG_ANALYZER_NONNULL = YES;
				CLANG_ANALYZER_NUMBER_OBJECT_CONVERSION = YES_AGGRESSIVE;
				CLANG_CXX_LANGUAGE_STANDARD = "gnu++20";
				CLANG_ENABLE_MODULES = YES;
				CLANG_ENABLE_OBJC_ARC = YES;
				CLANG_ENABLE_OBJC_WEAK = YES;
				CLANG_WARN_BLOCK_CAPTURE_AUTORELEASING = YES;
				CLANG_WARN_BOOL_CONVERSION = YES;
				CLANG_WARN_COMMA = YES;
				CLANG_WARN_CONSTANT_CONVERSION = YES;
				CLANG_WARN_DEPRECATED_OBJC_IMPLEMENTATIONS = YES;
				CLANG_WARN_DIRECT_OBJC_ISA_USAGE = YES_ERROR;
				CLANG_WARN_DOCUMENTATION_COMMENTS = YES;
				CLANG_WARN_EMPTY_BODY = YES;
				CLANG_WARN_ENUM_CONVERSION = YES;
				CLANG_WARN_INFINITE_RECURSION = YES;
				CLANG_WARN_INT_CONVERSION = YES;
				CLANG_WARN_NON_LITERAL_NULL_CONVERSION = YES;
				CLANG_WARN_OBJC_IMPLICIT_RETAIN_SELF = YES;
				CLANG_WARN_OBJC_LITERAL_CONVERSION = YES;
				CLANG_WARN_OBJC_ROOT_CLASS = YES_ERROR;
				CLANG_WARN_QUOTED_INCLUDE_IN_FRAMEWORK_HEADER = YES;
				CLANG_WARN_RANGE_LOOP_ANALYSIS = YES;
				CLANG_WARN_STRICT_PROTOTYPES = YES;
				CLANG_WARN_SUSPICIOUS_MOVE = YES;
				CLANG_WARN_UNGUARDED_AVAILABILITY = YES_AGGRESSIVE;
				CLANG_WARN_UNREACHABLE_CODE = YES;
				CLANG_WARN__DUPLICATE_METHOD_MATCH = YES;
				COPY_PHASE_STRIP = NO;
				DEBUG_INFORMATION_FORMAT = "dwarf-with-dsym";
				ENABLE_NS_ASSERTIONS = NO;
				ENABLE_STRICT_OBJC_MSGSEND = YES;
				ENABLE_USER_SCRIPT_SANDBOXING = YES;
				GCC_C_LANGUAGE_STANDARD = gnu17;
				GCC_NO_COMMON_BLOCKS = YES;
				GCC_WARN_64_TO_32_BIT_CONVERSION = YES;
				GCC_WARN_ABOUT_RETURN_TYPE = YES_ERROR;
				GCC_WARN_UNDECLARED_SELECTOR = YES;
				GCC_WARN_UNINITIALIZED_AUTOS = YES_AGGRESSIVE;
				GCC_WARN_UNUSED_FUNCTION = YES;
				GCC_WARN_UNUSED_VARIABLE = YES;
				IPHONEOS_DEPLOYMENT_TARGET = 17.5;
				LOCALIZATION_PREFERS_STRING_CATALOGS = YES;
				MTL_ENABLE_DEBUG_INFO = NO;
				MTL_FAST_MATH = YES;
				SDKROOT = iphoneos;
				SWIFT_COMPILATION_MODE = wholemodule;
				VALIDATE_PRODUCT = YES;
			};
			name = Release;
		};
		8B806A5A2C0095950066ACCC /* Debug */ = {
			isa = XCBuildConfiguration;
			buildSettings = {
				ASSETCATALOG_COMPILER_APPICON_NAME = AppIcon;
				ASSETCATALOG_COMPILER_GLOBAL_ACCENT_COLOR_NAME = AccentColor;
				CODE_SIGN_STYLE = Automatic;
				CURRENT_PROJECT_VERSION = 1;
				GENERATE_INFOPLIST_FILE = YES;
				INFOPLIST_FILE = SeSAC0524Assignment/Info.plist;
				INFOPLIST_KEY_UIApplicationSupportsIndirectInputEvents = YES;
				INFOPLIST_KEY_UILaunchStoryboardName = LaunchScreen;
				INFOPLIST_KEY_UIMainStoryboardFile = Main;
				INFOPLIST_KEY_UISupportedInterfaceOrientations = UIInterfaceOrientationPortrait;
				INFOPLIST_KEY_UISupportedInterfaceOrientations_iPad = "UIInterfaceOrientationLandscapeLeft UIInterfaceOrientationLandscapeRight UIInterfaceOrientationPortrait UIInterfaceOrientationPortraitUpsideDown";
				LD_RUNPATH_SEARCH_PATHS = (
					"$(inherited)",
					"@executable_path/Frameworks",
				);
				MARKETING_VERSION = 1.0;
				PRODUCT_BUNDLE_IDENTIFIER = com.SeSAC.SeSAC0524Assignment;
				PRODUCT_NAME = "$(TARGET_NAME)";
				SUPPORTED_PLATFORMS = "iphoneos iphonesimulator";
				SUPPORTS_MACCATALYST = NO;
				SUPPORTS_MAC_DESIGNED_FOR_IPHONE_IPAD = NO;
				SUPPORTS_XR_DESIGNED_FOR_IPHONE_IPAD = NO;
				SWIFT_EMIT_LOC_STRINGS = YES;
				SWIFT_VERSION = 5.0;
				TARGETED_DEVICE_FAMILY = 1;
			};
			name = Debug;
		};
		8B806A5B2C0095950066ACCC /* Release */ = {
			isa = XCBuildConfiguration;
			buildSettings = {
				ASSETCATALOG_COMPILER_APPICON_NAME = AppIcon;
				ASSETCATALOG_COMPILER_GLOBAL_ACCENT_COLOR_NAME = AccentColor;
				CODE_SIGN_STYLE = Automatic;
				CURRENT_PROJECT_VERSION = 1;
				GENERATE_INFOPLIST_FILE = YES;
				INFOPLIST_FILE = SeSAC0524Assignment/Info.plist;
				INFOPLIST_KEY_UIApplicationSupportsIndirectInputEvents = YES;
				INFOPLIST_KEY_UILaunchStoryboardName = LaunchScreen;
				INFOPLIST_KEY_UIMainStoryboardFile = Main;
				INFOPLIST_KEY_UISupportedInterfaceOrientations = UIInterfaceOrientationPortrait;
				INFOPLIST_KEY_UISupportedInterfaceOrientations_iPad = "UIInterfaceOrientationLandscapeLeft UIInterfaceOrientationLandscapeRight UIInterfaceOrientationPortrait UIInterfaceOrientationPortraitUpsideDown";
				LD_RUNPATH_SEARCH_PATHS = (
					"$(inherited)",
					"@executable_path/Frameworks",
				);
				MARKETING_VERSION = 1.0;
				PRODUCT_BUNDLE_IDENTIFIER = com.SeSAC.SeSAC0524Assignment;
				PRODUCT_NAME = "$(TARGET_NAME)";
				SUPPORTED_PLATFORMS = "iphoneos iphonesimulator";
				SUPPORTS_MACCATALYST = NO;
				SUPPORTS_MAC_DESIGNED_FOR_IPHONE_IPAD = NO;
				SUPPORTS_XR_DESIGNED_FOR_IPHONE_IPAD = NO;
				SWIFT_EMIT_LOC_STRINGS = YES;
				SWIFT_VERSION = 5.0;
				TARGETED_DEVICE_FAMILY = 1;
			};
			name = Release;
		};
/* End XCBuildConfiguration section */

/* Begin XCConfigurationList section */
		8B806A402C0095930066ACCC /* Build configuration list for PBXProject "SeSAC0524Assignment" */ = {
			isa = XCConfigurationList;
			buildConfigurations = (
				8B806A572C0095950066ACCC /* Debug */,
				8B806A582C0095950066ACCC /* Release */,
			);
			defaultConfigurationIsVisible = 0;
			defaultConfigurationName = Release;
		};
		8B806A592C0095950066ACCC /* Build configuration list for PBXNativeTarget "SeSAC0524Assignment" */ = {
			isa = XCConfigurationList;
			buildConfigurations = (
				8B806A5A2C0095950066ACCC /* Debug */,
				8B806A5B2C0095950066ACCC /* Release */,
			);
			defaultConfigurationIsVisible = 0;
			defaultConfigurationName = Release;
		};
/* End XCConfigurationList section */

/* Begin XCRemoteSwiftPackageReference section */
		8B806A8C2C01F6F50066ACCC /* XCRemoteSwiftPackageReference "Kingfisher" */ = {
			isa = XCRemoteSwiftPackageReference;
			repositoryURL = "https://github.com/onevcat/Kingfisher.git";
			requirement = {
				kind = upToNextMajorVersion;
				minimumVersion = 7.11.0;
			};
		};
		8BAB09C22C0498DD002DA2F5 /* XCRemoteSwiftPackageReference "Cosmos" */ = {
			isa = XCRemoteSwiftPackageReference;
			repositoryURL = "https://github.com/evgenyneu/Cosmos.git";
			requirement = {
				kind = upToNextMajorVersion;
				minimumVersion = 25.0.1;
			};
		};
/* End XCRemoteSwiftPackageReference section */

/* Begin XCSwiftPackageProductDependency section */
		8B806A8D2C01F6F50066ACCC /* Kingfisher */ = {
			isa = XCSwiftPackageProductDependency;
			package = 8B806A8C2C01F6F50066ACCC /* XCRemoteSwiftPackageReference "Kingfisher" */;
			productName = Kingfisher;
		};
		8BAB09C32C0498DD002DA2F5 /* Cosmos */ = {
			isa = XCSwiftPackageProductDependency;
			package = 8BAB09C22C0498DD002DA2F5 /* XCRemoteSwiftPackageReference "Cosmos" */;
			productName = Cosmos;
		};
/* End XCSwiftPackageProductDependency section */
	};
	rootObject = 8B806A3D2C0095930066ACCC /* Project object */;
}
